
Microsoft Visual Studio Solution File, Format Version 12.00
# Visual Studio Version 17
VisualStudioVersion = 17.4.33122.133
MinimumVisualStudioVersion = 10.0.40219.1
Project("{FAE04EC0-301F-11D3-BF4B-00C04F79EFBC}") = "HaveFun-API", "HaveFun-API\HaveFun-API.csproj", "{3000FF26-A83B-4C9D-8BAF-D01CE1D005CD}"
EndProject
Global
	GlobalSection(SolutionConfigurationPlatforms) = preSolution
		Debug|Any CPU = Debug|Any CPU
		Release|Any CPU = Release|Any CPU
	EndGlobalSection
	GlobalSection(ProjectConfigurationPlatforms) = postSolution
		{3000FF26-A83B-4C9D-8BAF-D01CE1D005CD}.Debug|Any CPU.ActiveCfg = Debug|Any CPU
		{3000FF26-A83B-4C9D-8BAF-D01CE1D005CD}.Debug|Any CPU.Build.0 = Debug|Any CPU
		{3000FF26-A83B-4C9D-8BAF-D01CE1D005CD}.Release|Any CPU.ActiveCfg = Release|Any CPU
		{3000FF26-A83B-4C9D-8BAF-D01CE1D005CD}.Release|Any CPU.Build.0 = Release|Any CPU
	EndGlobalSection
	GlobalSection(SolutionProperties) = preSolution
		HideSolutionNode = FALSE
	EndGlobalSection
	GlobalSection(ExtensibilityGlobals) = postSolution
		SolutionGuid = {390C15AF-5F4B-4EC0-A2CA-9E9F132CD405}
	EndGlobalSection
EndGlobal
